
Microsoft Visual Studio Solution File, Format Version 12.00
# Visual Studio 15
VisualStudioVersion = 15.0.28010.2003
MinimumVisualStudioVersion = 10.0.40219.1
Project("{FAE04EC0-301F-11D3-BF4B-00C04F79EFBC}") = "EToro.TestProject.AutotestCommon", "EToro.TestProject.AutotestCommon\EToro.TestProject.AutotestCommon.csproj", "{7B221A81-E8DC-4FAE-ADFD-341D5F3F9B95}"
EndProject
Project("{FAE04EC0-301F-11D3-BF4B-00C04F79EFBC}") = "EToro.TestProject.WEB", "EToro.TestProject.WEB\EToro.TestProject.WEB.csproj", "{1DC60346-ECBA-4B85-8266-EE7F156FC9D3}"
EndProject
Project("{FAE04EC0-301F-11D3-BF4B-00C04F79EFBC}") = "EToro.AutomationFramework.WEB", "EToro.AutomationFramework.WEB\EToro.AutomationFramework.WEB.csproj", "{15CE68B6-FEF9-4D8D-8DB5-1819353727E6}"
EndProject
Global
	GlobalSection(SolutionConfigurationPlatforms) = preSolution
		Debug|Any CPU = Debug|Any CPU
		Release|Any CPU = Release|Any CPU
	EndGlobalSection
	GlobalSection(ProjectConfigurationPlatforms) = postSolution
		{7B221A81-E8DC-4FAE-ADFD-341D5F3F9B95}.Debug|Any CPU.ActiveCfg = Debug|Any CPU
		{7B221A81-E8DC-4FAE-ADFD-341D5F3F9B95}.Debug|Any CPU.Build.0 = Debug|Any CPU
		{7B221A81-E8DC-4FAE-ADFD-341D5F3F9B95}.Release|Any CPU.ActiveCfg = Release|Any CPU
		{7B221A81-E8DC-4FAE-ADFD-341D5F3F9B95}.Release|Any CPU.Build.0 = Release|Any CPU
		{1DC60346-ECBA-4B85-8266-EE7F156FC9D3}.Debug|Any CPU.ActiveCfg = Debug|Any CPU
		{1DC60346-ECBA-4B85-8266-EE7F156FC9D3}.Debug|Any CPU.Build.0 = Debug|Any CPU
		{1DC60346-ECBA-4B85-8266-EE7F156FC9D3}.Release|Any CPU.ActiveCfg = Release|Any CPU
		{1DC60346-ECBA-4B85-8266-EE7F156FC9D3}.Release|Any CPU.Build.0 = Release|Any CPU
		{15CE68B6-FEF9-4D8D-8DB5-1819353727E6}.Debug|Any CPU.ActiveCfg = Debug|Any CPU
		{15CE68B6-FEF9-4D8D-8DB5-1819353727E6}.Debug|Any CPU.Build.0 = Debug|Any CPU
		{15CE68B6-FEF9-4D8D-8DB5-1819353727E6}.Release|Any CPU.ActiveCfg = Release|Any CPU
		{15CE68B6-FEF9-4D8D-8DB5-1819353727E6}.Release|Any CPU.Build.0 = Release|Any CPU
	EndGlobalSection
	GlobalSection(SolutionProperties) = preSolution
		HideSolutionNode = FALSE
	EndGlobalSection
	GlobalSection(ExtensibilityGlobals) = postSolution
		SolutionGuid = {69EEAAD3-E208-48E9-8448-483917672311}
	EndGlobalSection
EndGlobal
